dependencies:
- name: dragonfly
  repository: oci://ghcr.io/dragonflydb/dragonfly/helm
  version: v1.34.2
- name: dragonfly
  repository: oci://ghcr.io/dragonflydb/dragonfly/helm
  version: v1.34.2
digest: sha256:a0ca9971de22903eec95bfd1627f711dc8327843a3fcee1220238a0b2f3b0fb2
generated: "2025-10-15T15:58:09.145156058+05:30"
