{
  "version": 4,
  "terraform_version": "1.10.2",
  "serial": 37,
  "lineage": "95994980-fec1-10c9-d4bb-139fc3ee38af",
  "outputs": {
    "argocd_installation": {
      "value": {
        "namespace": "argocd",
        "release": "argocd"
      },
      "type": [
        "object",
        {
          "namespace": "string",
          "release": "string"
        }
      ]
    }
  },
  "resources": [
    {
      "mode": "data",
      "type": "kubernetes_service",
      "name": "argocd_server",
      "provider": "provider[\"registry.terraform.io/hashicorp/kubernetes\"]",
      "instances": [
        {
          "schema_version": 0,
          "attributes": {
            "id": "argocd/argocd-server",
            "metadata": [
              {
                "annotations": {
                  "meta.helm.sh/release-name": "argocd",
                  "meta.helm.sh/release-namespace": "argocd"
                },
                "generation": 0,
                "labels": {
                  "app.kubernetes.io/component": "server",
                  "app.kubernetes.io/instance": "argocd",
                  "app.kubernetes.io/managed-by": "Helm",
                  "app.kubernetes.io/name": "argocd-server",
                  "app.kubernetes.io/part-of": "argocd",
                  "app.kubernetes.io/version": "v2.13.2",
                  "helm.sh/chart": "argo-cd-7.7.10"
                },
                "name": "argocd-server",
                "namespace": "argocd",
                "resource_version": "477267",
                "uid": "c7a50e7b-2fb8-48cc-8a20-ae35bb8ddfa8"
              }
            ],
            "spec": [
              {
                "allocate_load_balancer_node_ports": true,
                "cluster_ip": "10.152.183.90",
                "cluster_ips": [
                  "10.152.183.90"
                ],
                "external_ips": [],
                "external_name": "",
                "external_traffic_policy": "",
                "health_check_node_port": 0,
                "internal_traffic_policy": "Cluster",
                "ip_families": [
                  "IPv4"
                ],
                "ip_family_policy": "SingleStack",
                "load_balancer_class": "",
                "load_balancer_ip": "",
                "load_balancer_source_ranges": [],
                "port": [
                  {
                    "app_protocol": "",
                    "name": "http",
                    "node_port": 0,
                    "port": 80,
                    "protocol": "TCP",
                    "target_port": "8080"
                  },
                  {
                    "app_protocol": "",
                    "name": "https",
                    "node_port": 0,
                    "port": 443,
                    "protocol": "TCP",
                    "target_port": "8080"
                  }
                ],
                "publish_not_ready_addresses": false,
                "selector": {
                  "app.kubernetes.io/instance": "argocd",
                  "app.kubernetes.io/name": "argocd-server"
                },
                "session_affinity": "None",
                "session_affinity_config": [],
                "type": "ClusterIP"
              }
            ],
            "status": [
              {
                "load_balancer": [
                  {
                    "ingress": []
                  }
                ]
              }
            ]
          },
          "sensitive_attributes": []
        }
      ]
    },
    {
      "mode": "managed",
      "type": "helm_release",
      "name": "argocd",
      "provider": "provider[\"registry.terraform.io/hashicorp/helm\"]",
      "instances": [
        {
          "schema_version": 1,
          "attributes": {
            "atomic": true,
            "chart": "argo-cd",
            "cleanup_on_fail": true,
            "create_namespace": false,
            "dependency_update": false,
            "description": null,
            "devel": null,
            "disable_crd_hooks": false,
            "disable_openapi_validation": false,
            "disable_webhooks": false,
            "force_update": true,
            "id": "argocd",
            "keyring": null,
            "lint": false,
            "manifest": null,
            "max_history": 0,
            "metadata": [
              {
                "app_version": "v2.13.2",
                "chart": "argo-cd",
                "first_deployed": 1734302386,
                "last_deployed": 1734302386,
                "name": "argocd",
                "namespace": "argocd",
                "notes": "In order to access the server UI you have the following options:\n\n1. kubectl port-forward service/argocd-server -n argocd 8080:443\n\n    and then open the browser on http://localhost:8080 and accept the certificate\n\n2. enable ingress in the values file `server.ingress.enabled` and either\n      - Add the annotation for ssl passthrough: https://argo-cd.readthedocs.io/en/stable/operator-manual/ingress/#option-1-ssl-passthrough\n      - Set the `configs.params.\"server.insecure\"` in the values file and terminate SSL at your ingress: https://argo-cd.readthedocs.io/en/stable/operator-manual/ingress/#option-2-multiple-ingress-objects-and-hosts\n\n\nAfter reaching the UI the first time you can login with username: admin and the random password generated during the installation. You can find the password by running:\n\nkubectl -n argocd get secret argocd-initial-admin-secret -o jsonpath=\"{.data.password}\" | base64 -d\n\n(You should delete the initial secret afterwards as suggested by the Getting Started Guide: https://argo-cd.readthedocs.io/en/stable/getting_started/#4-login-using-the-cli)\n",
                "revision": 1,
                "values": "{\"server\":{\"extraArgs\":[\"--insecure\"]}}",
                "version": "7.7.10"
              }
            ],
            "name": "argocd",
            "namespace": "argocd",
            "pass_credentials": false,
            "postrender": [],
            "recreate_pods": false,
            "render_subchart_notes": true,
            "replace": true,
            "repository": "https://argoproj.github.io/argo-helm",
            "repository_ca_file": null,
            "repository_cert_file": null,
            "repository_key_file": null,
            "repository_password": null,
            "repository_username": null,
            "reset_values": false,
            "reuse_values": false,
            "set": [],
            "set_list": [],
            "set_sensitive": [],
            "skip_crds": false,
            "status": "deployed",
            "timeout": 300,
            "upgrade_install": null,
            "values": [
              "server:\n  extraArgs:\n    - --insecure\n"
            ],
            "verify": false,
            "version": "7.7.10",
            "wait": true,
            "wait_for_jobs": false
          },
          "sensitive_attributes": [
            [
              {
                "type": "get_attr",
                "value": "repository_password"
              }
            ]
          ],
          "private": "eyJzY2hlbWFfdmVyc2lvbiI6IjEifQ=="
        }
      ]
    },
    {
      "mode": "managed",
      "type": "kubernetes_ingress_v1",
      "name": "argocd",
      "provider": "provider[\"registry.terraform.io/hashicorp/kubernetes\"]",
      "instances": [
        {
          "schema_version": 0,
          "attributes": {
            "id": "argocd/argocd-ingress",
            "metadata": [
              {
                "annotations": {
                  "nginx.ingress.kubernetes.io/backend-protocol": "HTTPS",
                  "nginx.ingress.kubernetes.io/ssl-passthrough": "true"
                },
                "generate_name": "",
                "generation": 2,
                "labels": {},
                "name": "argocd-ingress",
                "namespace": "argocd",
                "resource_version": "489958",
                "uid": "80040e61-6802-4486-8af7-284b1df15bc3"
              }
            ],
            "spec": [
              {
                "default_backend": [],
                "ingress_class_name": "public",
                "rule": [
                  {
                    "host": "",
                    "http": [
                      {
                        "path": [
                          {
                            "backend": [
                              {
                                "resource": [],
                                "service": [
                                  {
                                    "name": "argocd-server",
                                    "port": [
                                      {
                                        "name": "",
                                        "number": 443
                                      }
                                    ]
                                  }
                                ]
                              }
                            ],
                            "path": "/",
                            "path_type": "Prefix"
                          }
                        ]
                      }
                    ]
                  }
                ],
                "tls": []
              }
            ],
            "status": [
              {
                "load_balancer": [
                  {
                    "ingress": []
                  }
                ]
              }
            ],
            "timeouts": null,
            "wait_for_load_balancer": null
          },
          "sensitive_attributes": [],
          "private": "eyJlMmJmYjczMC1lY2FhLTExZTYtOGY4OC0zNDM2M2JjN2M0YzAiOnsiY3JlYXRlIjoxMjAwMDAwMDAwMDAwLCJkZWxldGUiOjEyMDAwMDAwMDAwMDB9fQ==",
          "dependencies": [
            "helm_release.ingress_nginx",
            "kubernetes_namespace.argocd"
          ]
        }
      ]
    },
    {
      "mode": "managed",
      "type": "kubernetes_namespace",
      "name": "argocd",
      "provider": "provider[\"registry.terraform.io/hashicorp/kubernetes\"]",
      "instances": [
        {
          "schema_version": 0,
          "attributes": {
            "id": "argocd",
            "metadata": [
              {
                "annotations": {},
                "generate_name": "",
                "generation": 0,
                "labels": {},
                "name": "argocd",
                "resource_version": "477166",
                "uid": "0c332a69-d252-4e4c-b4c4-87ea85be30f0"
              }
            ],
            "timeouts": null,
            "wait_for_default_service_account": false
          },
          "sensitive_attributes": [],
          "private": "eyJlMmJmYjczMC1lY2FhLTExZTYtOGY4OC0zNDM2M2JjN2M0YzAiOnsiZGVsZXRlIjozMDAwMDAwMDAwMDB9fQ=="
        }
      ]
    }
  ],
  "check_results": null
}
